{
  "name": "test-plugin",
  "version": "1.0.0",
  "lockfileVersion": 3,
  "requires": true,
  "packages": {
    "": {
      "name": "test-plugin",
      "version": "1.0.0",
      "license": "ISC",
      "dependencies": {
        "netlify-build-plugin-node-modules-lib": "github:kaelig/netlify-build-plugin-node-modules-lib",
        "prismjs": "^1.29.0"
      }
    },
    "node_modules/netlify-build-plugin-node-modules-lib": {
      "version": "0.0.2",
      "resolved": "git+ssh://git@github.com/kaelig/netlify-build-plugin-node-modules-lib.git#6241ece3bae8db54431bf96b02cabe2dd8e910cb",
      "license": "MIT",
      "engines": {
        "node": ">=16.0.0"
      }
    },
    "node_modules/prismjs": {
      "version": "1.29.0",
      "resolved": "https://registry.npmjs.org/prismjs/-/prismjs-1.29.0.tgz",
      "integrity": "sha512-Kx/1w86q/epKcmte75LNrEoT+lX8pBpavuAbvJWRXar7Hz8jrtF+e3vY751p0R8H9HdArwaCTNDDzHg/ScJK1Q==",
      "engines": {
        "node": ">=6"
      }
    }
  }
}
